// !$*UTF8*$!
{
	archiveVersion = 1;
	classes = {
	};
	objectVersion = 77;
	objects = {

/* Begin PBXBuildFile section */
		9B9254842F42FF93005F2C6C /* DepthTOP.cpp in Sources */ = {isa = PBXBuildFile; fileRef = 9B9254832F42FF93005F2C6C /* DepthTOP.cpp */; };
		9B9254862F431BCF005F2C6C /* DepthTOP.mm in Sources */ = {isa = PBXBuildFile; fileRef = 9B9254852F431BCF005F2C6C /* DepthTOP.mm */; };
		9B9254892F431C97005F2C6C /* CoreML.framework in Frameworks */ = {isa = PBXBuildFile; fileRef = 9B9254882F431C97005F2C6C /* CoreML.framework */; };
		9B92548B2F431CA1005F2C6C /* Vision.framework in Frameworks */ = {isa = PBXBuildFile; fileRef = 9B92548A2F431CA1005F2C6C /* Vision.framework */; };
		9B92548D2F431CA8005F2C6C /* CoreVideo.framework in Frameworks */ = {isa = PBXBuildFile; fileRef = 9B92548C2F431CA8005F2C6C /* CoreVideo.framework */; };
		9B92548F2F431D83005F2C6C /* DepthAnythingV2SmallF16.mlpackage in Sources */ = {isa = PBXBuildFile; fileRef = 9B92548E2F431D83005F2C6C /* DepthAnythingV2SmallF16.mlpackage */; };
/* End PBXBuildFile section */

/* Begin PBXFileReference section */
		9B0064FB2F42F90800815855 /* DepthTOP.plugin */ = {isa = PBXFileReference; explicitFileType = wrapper.cfbundle; includeInIndex = 0; path = DepthTOP.plugin; sourceTree = BUILT_PRODUCTS_DIR; };
		9B4170592F42FAFC00D439A4 /* CPlusPlus_Common.h */ = {isa = PBXFileReference; lastKnownFileType = sourcecode.c.h; path = CPlusPlus_Common.h; sourceTree = "<group>"; };
		9B41705A2F42FAFC00D439A4 /* TOP_CPlusPlusBase.h */ = {isa = PBXFileReference; lastKnownFileType = sourcecode.c.h; path = TOP_CPlusPlusBase.h; sourceTree = "<group>"; };
		9B41705B2F42FB8800D439A4 /* DepthTOP.h */ = {isa = PBXFileReference; lastKnownFileType = sourcecode.c.h; path = DepthTOP.h; sourceTree = "<group>"; };
		9B9254832F42FF93005F2C6C /* DepthTOP.cpp */ = {isa = PBXFileReference; lastKnownFileType = sourcecode.cpp.cpp; path = DepthTOP.cpp; sourceTree = "<group>"; };
		9B9254852F431BCF005F2C6C /* DepthTOP.mm */ = {isa = PBXFileReference; lastKnownFileType = sourcecode.cpp.objcpp; path = DepthTOP.mm; sourceTree = "<group>"; };
		9B9254882F431C97005F2C6C /* CoreML.framework */ = {isa = PBXFileReference; lastKnownFileType = wrapper.framework; name = CoreML.framework; path = System/Library/Frameworks/CoreML.framework; sourceTree = SDKROOT; };
		9B92548A2F431CA1005F2C6C /* Vision.framework */ = {isa = PBXFileReference; lastKnownFileType = wrapper.framework; name = Vision.framework; path = System/Library/Frameworks/Vision.framework; sourceTree = SDKROOT; };
		9B92548C2F431CA8005F2C6C /* CoreVideo.framework */ = {isa = PBXFileReference; lastKnownFileType = wrapper.framework; name = CoreVideo.framework; path = System/Library/Frameworks/CoreVideo.framework; sourceTree = SDKROOT; };
		9B92548E2F431D83005F2C6C /* DepthAnythingV2SmallF16.mlpackage */ = {isa = PBXFileReference; lastKnownFileType = folder.mlpackage; path = DepthAnythingV2SmallF16.mlpackage; sourceTree = "<group>"; };
/* End PBXFileReference section */

/* Begin PBXFrameworksBuildPhase section */
		9B0064F82F42F90800815855 /* Frameworks */ = {
			isa = PBXFrameworksBuildPhase;
			buildActionMask = 2147483647;
			files = (
				9B92548D2F431CA8005F2C6C /* CoreVideo.framework in Frameworks */,
				9B92548B2F431CA1005F2C6C /* Vision.framework in Frameworks */,
				9B9254892F431C97005F2C6C /* CoreML.framework in Frameworks */,
			);
			runOnlyForDeploymentPostprocessing = 0;
		};
/* End PBXFrameworksBuildPhase section */

/* Begin PBXGroup section */
		9B0064F22F42F90800815855 = {
			isa = PBXGroup;
			children = (
				9B9254812F42FEDD005F2C6C /* DepthTOP */,
				9B9254872F431C96005F2C6C /* Frameworks */,
				9B0064FC2F42F90800815855 /* Products */,
			);
			sourceTree = "<group>";
		};
		9B0064FC2F42F90800815855 /* Products */ = {
			isa = PBXGroup;
			children = (
				9B0064FB2F42F90800815855 /* DepthTOP.plugin */,
			);
			name = Products;
			sourceTree = "<group>";
		};
		9B9254812F42FEDD005F2C6C /* DepthTOP */ = {
			isa = PBXGroup;
			children = (
				9B92548E2F431D83005F2C6C /* DepthAnythingV2SmallF16.mlpackage */,
				9B4170592F42FAFC00D439A4 /* CPlusPlus_Common.h */,
				9B41705A2F42FAFC00D439A4 /* TOP_CPlusPlusBase.h */,
				9B41705B2F42FB8800D439A4 /* DepthTOP.h */,
				9B9254832F42FF93005F2C6C /* DepthTOP.cpp */,
				9B9254852F431BCF005F2C6C /* DepthTOP.mm */,
			);
			path = DepthTOP;
			sourceTree = "<group>";
		};
		9B9254872F431C96005F2C6C /* Frameworks */ = {
			isa = PBXGroup;
			children = (
				9B92548C2F431CA8005F2C6C /* CoreVideo.framework */,
				9B92548A2F431CA1005F2C6C /* Vision.framework */,
				9B9254882F431C97005F2C6C /* CoreML.framework */,
			);
			name = Frameworks;
			sourceTree = "<group>";
		};
/* End PBXGroup section */

/* Begin PBXNativeTarget section */
		9B0064FA2F42F90800815855 /* DepthTOP */ = {
			isa = PBXNativeTarget;
			buildConfigurationList = 9B0064FF2F42F90800815855 /* Build configuration list for PBXNativeTarget "DepthTOP" */;
			buildPhases = (
				9B0064F72F42F90800815855 /* Sources */,
				9B0064F82F42F90800815855 /* Frameworks */,
				9B0064F92F42F90800815855 /* Resources */,
			);
			buildRules = (
			);
			dependencies = (
			);
			name = DepthTOP;
			packageProductDependencies = (
			);
			productName = DepthTOP;
			productReference = 9B0064FB2F42F90800815855 /* DepthTOP.plugin */;
			productType = "com.apple.product-type.bundle";
		};
/* End PBXNativeTarget section */

/* Begin PBXProject section */
		9B0064F32F42F90800815855 /* Project object */ = {
			isa = PBXProject;
			attributes = {
				BuildIndependentTargetsInParallel = 1;
				LastUpgradeCheck = 2630;
				TargetAttributes = {
					9B0064FA2F42F90800815855 = {
						CreatedOnToolsVersion = 26.3;
					};
				};
			};
			buildConfigurationList = 9B0064F62F42F90800815855 /* Build configuration list for PBXProject "DepthTOP" */;
			developmentRegion = en;
			hasScannedForEncodings = 0;
			knownRegions = (
				en,
				Base,
			);
			mainGroup = 9B0064F22F42F90800815855;
			minimizedProjectReferenceProxies = 1;
			preferredProjectObjectVersion = 77;
			productRefGroup = 9B0064FC2F42F90800815855 /* Products */;
			projectDirPath = "";
			projectRoot = "";
			targets = (
				9B0064FA2F42F90800815855 /* DepthTOP */,
			);
		};
/* End PBXProject section */

/* Begin PBXResourcesBuildPhase section */
		9B0064F92F42F90800815855 /* Resources */ = {
			isa = PBXResourcesBuildPhase;
			buildActionMask = 2147483647;
			files = (
			);
			runOnlyForDeploymentPostprocessing = 0;
		};
/* End PBXResourcesBuildPhase section */

/* Begin PBXSourcesBuildPhase section */
		9B0064F72F42F90800815855 /* Sources */ = {
			isa = PBXSourcesBuildPhase;
			buildActionMask = 2147483647;
			files = (
				9B92548F2F431D83005F2C6C /* DepthAnythingV2SmallF16.mlpackage in Sources */,
				9B9254842F42FF93005F2C6C /* DepthTOP.cpp in Sources */,
				9B9254862F431BCF005F2C6C /* DepthTOP.mm in Sources */,
			);
			runOnlyForDeploymentPostprocessing = 0;
		};
/* End PBXSourcesBuildPhase section */

/* Begin XCBuildConfiguration section */
		9B0064FD2F42F90800815855 /* Debug */ = {
			isa = XCBuildConfiguration;
			buildSettings = {
				ALWAYS_SEARCH_USER_PATHS = NO;
				ASSETCATALOG_COMPILER_GENERATE_SWIFT_ASSET_SYMBOL_EXTENSIONS = YES;
				CLANG_ANALYZER_NONNULL = YES;
				CLANG_ANALYZER_NUMBER_OBJECT_CONVERSION = YES_AGGRESSIVE;
				CLANG_CXX_LANGUAGE_STANDARD = "gnu++20";
				CLANG_ENABLE_MODULES = YES;
				CLANG_ENABLE_OBJC_ARC = YES;
				CLANG_ENABLE_OBJC_WEAK = YES;
				CLANG_WARN_BLOCK_CAPTURE_AUTORELEASING = YES;
				CLANG_WARN_BOOL_CONVERSION = YES;
				CLANG_WARN_COMMA = YES;
				CLANG_WARN_CONSTANT_CONVERSION = YES;
				CLANG_WARN_DEPRECATED_OBJC_IMPLEMENTATIONS = YES;
				CLANG_WARN_DIRECT_OBJC_ISA_USAGE = YES_ERROR;
				CLANG_WARN_DOCUMENTATION_COMMENTS = YES;
				CLANG_WARN_EMPTY_BODY = YES;
				CLANG_WARN_ENUM_CONVERSION = YES;
				CLANG_WARN_INFINITE_RECURSION = YES;
				CLANG_WARN_INT_CONVERSION = YES;
				CLANG_WARN_NON_LITERAL_NULL_CONVERSION = YES;
				CLANG_WARN_OBJC_IMPLICIT_RETAIN_SELF = YES;
				CLANG_WARN_OBJC_LITERAL_CONVERSION = YES;
				CLANG_WARN_OBJC_ROOT_CLASS = YES_ERROR;
				CLANG_WARN_QUOTED_INCLUDE_IN_FRAMEWORK_HEADER = YES;
				CLANG_WARN_RANGE_LOOP_ANALYSIS = YES;
				CLANG_WARN_STRICT_PROTOTYPES = YES;
				CLANG_WARN_SUSPICIOUS_MOVE = YES;
				CLANG_WARN_UNGUARDED_AVAILABILITY = YES_AGGRESSIVE;
				CLANG_WARN_UNREACHABLE_CODE = YES;
				CLANG_WARN__DUPLICATE_METHOD_MATCH = YES;
				COPY_PHASE_STRIP = NO;
				DEBUG_INFORMATION_FORMAT = dwarf;
				DEVELOPMENT_TEAM = 86PHL84622;
				ENABLE_STRICT_OBJC_MSGSEND = YES;
				ENABLE_TESTABILITY = YES;
				ENABLE_USER_SCRIPT_SANDBOXING = YES;
				GCC_C_LANGUAGE_STANDARD = gnu17;
				GCC_DYNAMIC_NO_PIC = NO;
				GCC_NO_COMMON_BLOCKS = YES;
				GCC_OPTIMIZATION_LEVEL = 0;
				GCC_PREPROCESSOR_DEFINITIONS = (
					"DEBUG=1",
					"$(inherited)",
				);
				GCC_WARN_64_TO_32_BIT_CONVERSION = YES;
				GCC_WARN_ABOUT_RETURN_TYPE = YES_ERROR;
				GCC_WARN_UNDECLARED_SELECTOR = YES;
				GCC_WARN_UNINITIALIZED_AUTOS = YES_AGGRESSIVE;
				GCC_WARN_UNUSED_FUNCTION = YES;
				GCC_WARN_UNUSED_VARIABLE = YES;
				LOCALIZATION_PREFERS_STRING_CATALOGS = YES;
				MACOSX_DEPLOYMENT_TARGET = 26.0;
				MTL_ENABLE_DEBUG_INFO = INCLUDE_SOURCE;
				MTL_FAST_MATH = YES;
				ONLY_ACTIVE_ARCH = YES;
				SDKROOT = macosx;
			};
			name = Debug;
		};
		9B0064FE2F42F90800815855 /* Release */ = {
			isa = XCBuildConfiguration;
			buildSettings = {
				ALWAYS_SEARCH_USER_PATHS = NO;
				ASSETCATALOG_COMPILER_GENERATE_SWIFT_ASSET_SYMBOL_EXTENSIONS = YES;
				CLANG_ANALYZER_NONNULL = YES;
				CLANG_ANALYZER_NUMBER_OBJECT_CONVERSION = YES_AGGRESSIVE;
				CLANG_CXX_LANGUAGE_STANDARD = "gnu++20";
				CLANG_ENABLE_MODULES = YES;
				CLANG_ENABLE_OBJC_ARC = YES;
				CLANG_ENABLE_OBJC_WEAK = YES;
				CLANG_WARN_BLOCK_CAPTURE_AUTORELEASING = YES;
				CLANG_WARN_BOOL_CONVERSION = YES;
				CLANG_WARN_COMMA = YES;
				CLANG_WARN_CONSTANT_CONVERSION = YES;
				CLANG_WARN_DEPRECATED_OBJC_IMPLEMENTATIONS = YES;
				CLANG_WARN_DIRECT_OBJC_ISA_USAGE = YES_ERROR;
				CLANG_WARN_DOCUMENTATION_COMMENTS = YES;
				CLANG_WARN_EMPTY_BODY = YES;
				CLANG_WARN_ENUM_CONVERSION = YES;
				CLANG_WARN_INFINITE_RECURSION = YES;
				CLANG_WARN_INT_CONVERSION = YES;
				CLANG_WARN_NON_LITERAL_NULL_CONVERSION = YES;
				CLANG_WARN_OBJC_IMPLICIT_RETAIN_SELF = YES;
				CLANG_WARN_OBJC_LITERAL_CONVERSION = YES;
				CLANG_WARN_OBJC_ROOT_CLASS = YES_ERROR;
				CLANG_WARN_QUOTED_INCLUDE_IN_FRAMEWORK_HEADER = YES;
				CLANG_WARN_RANGE_LOOP_ANALYSIS = YES;
				CLANG_WARN_STRICT_PROTOTYPES = YES;
				CLANG_WARN_SUSPICIOUS_MOVE = YES;
				CLANG_WARN_UNGUARDED_AVAILABILITY = YES_AGGRESSIVE;
				CLANG_WARN_UNREACHABLE_CODE = YES;
				CLANG_WARN__DUPLICATE_METHOD_MATCH = YES;
				COPY_PHASE_STRIP = NO;
				DEBUG_INFORMATION_FORMAT = "dwarf-with-dsym";
				DEVELOPMENT_TEAM = 86PHL84622;
				ENABLE_NS_ASSERTIONS = NO;
				ENABLE_STRICT_OBJC_MSGSEND = YES;
				ENABLE_USER_SCRIPT_SANDBOXING = YES;
				GCC_C_LANGUAGE_STANDARD = gnu17;
				GCC_NO_COMMON_BLOCKS = YES;
				GCC_WARN_64_TO_32_BIT_CONVERSION = YES;
				GCC_WARN_ABOUT_RETURN_TYPE = YES_ERROR;
				GCC_WARN_UNDECLARED_SELECTOR = YES;
				GCC_WARN_UNINITIALIZED_AUTOS = YES_AGGRESSIVE;
				GCC_WARN_UNUSED_FUNCTION = YES;
				GCC_WARN_UNUSED_VARIABLE = YES;
				LOCALIZATION_PREFERS_STRING_CATALOGS = YES;
				MACOSX_DEPLOYMENT_TARGET = 26.0;
				MTL_ENABLE_DEBUG_INFO = NO;
				MTL_FAST_MATH = YES;
				SDKROOT = macosx;
			};
			name = Release;
		};
		9B0065002F42F90800815855 /* Debug */ = {
			isa = XCBuildConfiguration;
			buildSettings = {
				CODE_SIGN_STYLE = Automatic;
				COMBINE_HIDPI_IMAGES = YES;
				CURRENT_PROJECT_VERSION = 1;
				DEVELOPMENT_TEAM = 86PHL84622;
				GENERATE_INFOPLIST_FILE = YES;
				INFOPLIST_KEY_NSHumanReadableCopyright = "";
				INFOPLIST_KEY_NSPrincipalClass = "";
				INSTALL_PATH = "$(LOCAL_LIBRARY_DIR)/Bundles";
				MARKETING_VERSION = 1.0;
				OTHER_LDFLAGS = "-stdlib=libc++";
				PRODUCT_BUNDLE_IDENTIFIER = com.ObaShion.DepthTOP;
				PRODUCT_NAME = "$(TARGET_NAME)";
				SKIP_INSTALL = YES;
				STRING_CATALOG_GENERATE_SYMBOLS = YES;
				SWIFT_EMIT_LOC_STRINGS = YES;
				WRAPPER_EXTENSION = plugin;
			};
			name = Debug;
		};
		9B0065012F42F90800815855 /* Release */ = {
			isa = XCBuildConfiguration;
			buildSettings = {
				CODE_SIGN_STYLE = Automatic;
				COMBINE_HIDPI_IMAGES = YES;
				CURRENT_PROJECT_VERSION = 1;
				DEVELOPMENT_TEAM = 86PHL84622;
				GENERATE_INFOPLIST_FILE = YES;
				INFOPLIST_KEY_NSHumanReadableCopyright = "";
				INFOPLIST_KEY_NSPrincipalClass = "";
				INSTALL_PATH = "$(LOCAL_LIBRARY_DIR)/Bundles";
				MARKETING_VERSION = 1.0;
				OTHER_LDFLAGS = "-stdlib=libc++";
				PRODUCT_BUNDLE_IDENTIFIER = com.ObaShion.DepthTOP;
				PRODUCT_NAME = "$(TARGET_NAME)";
				SKIP_INSTALL = YES;
				STRING_CATALOG_GENERATE_SYMBOLS = YES;
				SWIFT_EMIT_LOC_STRINGS = YES;
				WRAPPER_EXTENSION = plugin;
			};
			name = Release;
		};
/* End XCBuildConfiguration section */

/* Begin XCConfigurationList section */
		9B0064F62F42F90800815855 /* Build configuration list for PBXProject "DepthTOP" */ = {
			isa = XCConfigurationList;
			buildConfigurations = (
				9B0064FD2F42F90800815855 /* Debug */,
				9B0064FE2F42F90800815855 /* Release */,
			);
			defaultConfigurationIsVisible = 0;
			defaultConfigurationName = Release;
		};
		9B0064FF2F42F90800815855 /* Build configuration list for PBXNativeTarget "DepthTOP" */ = {
			isa = XCConfigurationList;
			buildConfigurations = (
				9B0065002F42F90800815855 /* Debug */,
				9B0065012F42F90800815855 /* Release */,
			);
			defaultConfigurationIsVisible = 0;
			defaultConfigurationName = Release;
		};
/* End XCConfigurationList section */
	};
	rootObject = 9B0064F32F42F90800815855 /* Project object */;
}
